
Microsoft Visual Studio Solution File, Format Version 12.00
# Visual Studio 15
Project("{2150E333-8FDC-42A3-9474-1A3956D46DE8}") = "src", "src", "{84161BDC-03C2-4796-A001-430637A10D0A}"
EndProject
Project("{FAE04EC0-301F-11D3-BF4B-00C04F79EFBC}") = "InstantPOS.Domain", "src\InstantPOS.Domain\InstantPOS.Domain.csproj", "{B80DC1D9-3508-4C46-A3A2-9022A87F4A13}"
EndProject
Project("{FAE04EC0-301F-11D3-BF4B-00C04F79EFBC}") = "InstantPOS.Infrastructure", "src\InstantPOS.Infrastructure\InstantPOS.Infrastructure.csproj", "{4AF7192F-A815-40B6-9F8B-608F7F23FB9F}"
EndProject
Project("{FAE04EC0-301F-11D3-BF4B-00C04F79EFBC}") = "InstantPOS.WebAPI", "src\InstantPOS.WebAPI\InstantPOS.WebAPI.csproj", "{017398FD-EB1D-4E5F-949A-078A72A67BA6}"
EndProject
Project("{2150E333-8FDC-42A3-9474-1A3956D46DE8}") = "tests", "tests", "{1B907BB5-9EEB-4019-8645-43671F6727AB}"
EndProject
Project("{FAE04EC0-301F-11D3-BF4B-00C04F79EFBC}") = "InstantPOS.WebAPI.Test", "tests\InstantPOS.WebAPI.Test\InstantPOS.WebAPI.Test.csproj", "{3CD8000D-9AF5-4077-BB98-22979403EA18}"
EndProject
Project("{2150E333-8FDC-42A3-9474-1A3956D46DE8}") = "database", "database", "{0B804F61-AFDC-4E49-8E2D-EBB1785491B5}"
	ProjectSection(SolutionItems) = preProject
		database\database_scripts.sql = database\database_scripts.sql
	EndProjectSection
EndProject
Project("{FAE04EC0-301F-11D3-BF4B-00C04F79EFBC}") = "InstantPOS.Application", "src\InstantPOS.Application\InstantPOS.Application.csproj", "{E4A28126-9BEA-494D-B918-CB66131C154D}"
EndProject
Global
	GlobalSection(SolutionConfigurationPlatforms) = preSolution
		Debug|Any CPU = Debug|Any CPU
		Release|Any CPU = Release|Any CPU
	EndGlobalSection
	GlobalSection(ProjectConfigurationPlatforms) = postSolution
		{B80DC1D9-3508-4C46-A3A2-9022A87F4A13}.Debug|Any CPU.ActiveCfg = Debug|Any CPU
		{B80DC1D9-3508-4C46-A3A2-9022A87F4A13}.Debug|Any CPU.Build.0 = Debug|Any CPU
		{B80DC1D9-3508-4C46-A3A2-9022A87F4A13}.Release|Any CPU.ActiveCfg = Release|Any CPU
		{B80DC1D9-3508-4C46-A3A2-9022A87F4A13}.Release|Any CPU.Build.0 = Release|Any CPU
		{4AF7192F-A815-40B6-9F8B-608F7F23FB9F}.Debug|Any CPU.ActiveCfg = Debug|Any CPU
		{4AF7192F-A815-40B6-9F8B-608F7F23FB9F}.Debug|Any CPU.Build.0 = Debug|Any CPU
		{4AF7192F-A815-40B6-9F8B-608F7F23FB9F}.Release|Any CPU.ActiveCfg = Release|Any CPU
		{4AF7192F-A815-40B6-9F8B-608F7F23FB9F}.Release|Any CPU.Build.0 = Release|Any CPU
		{017398FD-EB1D-4E5F-949A-078A72A67BA6}.Debug|Any CPU.ActiveCfg = Debug|Any CPU
		{017398FD-EB1D-4E5F-949A-078A72A67BA6}.Debug|Any CPU.Build.0 = Debug|Any CPU
		{017398FD-EB1D-4E5F-949A-078A72A67BA6}.Release|Any CPU.ActiveCfg = Release|Any CPU
		{017398FD-EB1D-4E5F-949A-078A72A67BA6}.Release|Any CPU.Build.0 = Release|Any CPU
		{3CD8000D-9AF5-4077-BB98-22979403EA18}.Debug|Any CPU.ActiveCfg = Debug|Any CPU
		{3CD8000D-9AF5-4077-BB98-22979403EA18}.Debug|Any CPU.Build.0 = Debug|Any CPU
		{3CD8000D-9AF5-4077-BB98-22979403EA18}.Release|Any CPU.ActiveCfg = Release|Any CPU
		{3CD8000D-9AF5-4077-BB98-22979403EA18}.Release|Any CPU.Build.0 = Release|Any CPU
		{E4A28126-9BEA-494D-B918-CB66131C154D}.Debug|Any CPU.ActiveCfg = Debug|Any CPU
		{E4A28126-9BEA-494D-B918-CB66131C154D}.Debug|Any CPU.Build.0 = Debug|Any CPU
		{E4A28126-9BEA-494D-B918-CB66131C154D}.Release|Any CPU.ActiveCfg = Release|Any CPU
		{E4A28126-9BEA-494D-B918-CB66131C154D}.Release|Any CPU.Build.0 = Release|Any CPU
	EndGlobalSection
	GlobalSection(NestedProjects) = preSolution
		{B80DC1D9-3508-4C46-A3A2-9022A87F4A13} = {84161BDC-03C2-4796-A001-430637A10D0A}
		{4AF7192F-A815-40B6-9F8B-608F7F23FB9F} = {84161BDC-03C2-4796-A001-430637A10D0A}
		{017398FD-EB1D-4E5F-949A-078A72A67BA6} = {84161BDC-03C2-4796-A001-430637A10D0A}
		{3CD8000D-9AF5-4077-BB98-22979403EA18} = {1B907BB5-9EEB-4019-8645-43671F6727AB}
		{E4A28126-9BEA-494D-B918-CB66131C154D} = {84161BDC-03C2-4796-A001-430637A10D0A}
	EndGlobalSection
EndGlobal
